
Microsoft Visual Studio Solution File, Format Version 12.00
# Visual Studio Version 17
VisualStudioVersion = 17.4.33110.190
MinimumVisualStudioVersion = 10.0.40219.1
Project("{FAE04EC0-301F-11D3-BF4B-00C04F79EFBC}") = "Reflection", "ConsoleApp\Reflection.csproj", "{BFBFE2C1-012A-468B-A153-17E800DFBA5E}"
EndProject
Global
	GlobalSection(SolutionConfigurationPlatforms) = preSolution
		Debug|Any CPU = Debug|Any CPU
		Release|Any CPU = Release|Any CPU
	EndGlobalSection
	GlobalSection(ProjectConfigurationPlatforms) = postSolution
		{BFBFE2C1-012A-468B-A153-17E800DFBA5E}.Debug|Any CPU.ActiveCfg = Debug|Any CPU
		{BFBFE2C1-012A-468B-A153-17E800DFBA5E}.Debug|Any CPU.Build.0 = Debug|Any CPU
		{BFBFE2C1-012A-468B-A153-17E800DFBA5E}.Release|Any CPU.ActiveCfg = Release|Any CPU
		{BFBFE2C1-012A-468B-A153-17E800DFBA5E}.Release|Any CPU.Build.0 = Release|Any CPU
	EndGlobalSection
	GlobalSection(SolutionProperties) = preSolution
		HideSolutionNode = FALSE
	EndGlobalSection
	GlobalSection(ExtensibilityGlobals) = postSolution
		SolutionGuid = {E5E21C22-6EB0-4DC0-A508-D7E78247364B}
	EndGlobalSection
EndGlobal
