
Microsoft Visual Studio Solution File, Format Version 12.00
# Visual Studio Version 17
VisualStudioVersion = 17.4.33110.190
MinimumVisualStudioVersion = 10.0.40219.1
Project("{8BC9CEB8-8B4A-11D0-8D11-00A0C91BC942}") = "ShellCodeRunnerEnc", "ShellCodeRunnerEnc\ShellCodeRunnerEnc.vcxproj", "{ADFBE05E-4EA8-457E-8B56-A3007F1F4748}"
EndProject
Global
	GlobalSection(SolutionConfigurationPlatforms) = preSolution
		Debug|x64 = Debug|x64
		Debug|x86 = Debug|x86
		Release|x64 = Release|x64
		Release|x86 = Release|x86
	EndGlobalSection
	GlobalSection(ProjectConfigurationPlatforms) = postSolution
		{ADFBE05E-4EA8-457E-8B56-A3007F1F4748}.Debug|x64.ActiveCfg = Debug|x64
		{ADFBE05E-4EA8-457E-8B56-A3007F1F4748}.Debug|x64.Build.0 = Debug|x64
		{ADFBE05E-4EA8-457E-8B56-A3007F1F4748}.Debug|x86.ActiveCfg = Debug|Win32
		{ADFBE05E-4EA8-457E-8B56-A3007F1F4748}.Debug|x86.Build.0 = Debug|Win32
		{ADFBE05E-4EA8-457E-8B56-A3007F1F4748}.Release|x64.ActiveCfg = Release|x64
		{ADFBE05E-4EA8-457E-8B56-A3007F1F4748}.Release|x64.Build.0 = Release|x64
		{ADFBE05E-4EA8-457E-8B56-A3007F1F4748}.Release|x86.ActiveCfg = Release|Win32
		{ADFBE05E-4EA8-457E-8B56-A3007F1F4748}.Release|x86.Build.0 = Release|Win32
	EndGlobalSection
	GlobalSection(SolutionProperties) = preSolution
		HideSolutionNode = FALSE
	EndGlobalSection
	GlobalSection(ExtensibilityGlobals) = postSolution
		SolutionGuid = {D0348BE3-3821-4687-B3F7-D9A2D30E3226}
	EndGlobalSection
EndGlobal
