
Microsoft Visual Studio Solution File, Format Version 12.00
# Visual Studio Version 17
VisualStudioVersion = 17.4.33110.190
MinimumVisualStudioVersion = 10.0.40219.1
Project("{FAE04EC0-301F-11D3-BF4B-00C04F79EFBC}") = "ShellCodeRunnerB64", "ShellCodeRunnerB64\ShellCodeRunnerB64.csproj", "{7244C559-334E-4B2D-8493-443DEB573420}"
EndProject
Global
	GlobalSection(SolutionConfigurationPlatforms) = preSolution
		Debug|Any CPU = Debug|Any CPU
		Debug|x64 = Debug|x64
		Release|Any CPU = Release|Any CPU
		Release|x64 = Release|x64
	EndGlobalSection
	GlobalSection(ProjectConfigurationPlatforms) = postSolution
		{7244C559-334E-4B2D-8493-443DEB573420}.Debug|Any CPU.ActiveCfg = Debug|Any CPU
		{7244C559-334E-4B2D-8493-443DEB573420}.Debug|Any CPU.Build.0 = Debug|Any CPU
		{7244C559-334E-4B2D-8493-443DEB573420}.Debug|x64.ActiveCfg = Debug|x64
		{7244C559-334E-4B2D-8493-443DEB573420}.Debug|x64.Build.0 = Debug|x64
		{7244C559-334E-4B2D-8493-443DEB573420}.Release|Any CPU.ActiveCfg = Release|Any CPU
		{7244C559-334E-4B2D-8493-443DEB573420}.Release|Any CPU.Build.0 = Release|Any CPU
		{7244C559-334E-4B2D-8493-443DEB573420}.Release|x64.ActiveCfg = Release|x64
		{7244C559-334E-4B2D-8493-443DEB573420}.Release|x64.Build.0 = Release|x64
	EndGlobalSection
	GlobalSection(SolutionProperties) = preSolution
		HideSolutionNode = FALSE
	EndGlobalSection
	GlobalSection(ExtensibilityGlobals) = postSolution
		SolutionGuid = {5B627B3A-E440-4EE0-AF77-79FCBFCFCDAD}
	EndGlobalSection
EndGlobal
