
Microsoft Visual Studio Solution File, Format Version 12.00
# Visual Studio Version 17
VisualStudioVersion = 17.4.33110.190
MinimumVisualStudioVersion = 10.0.40219.1
Project("{FAE04EC0-301F-11D3-BF4B-00C04F79EFBC}") = "Bytes", "Bytes\Bytes.csproj", "{C33B0460-A9BC-4E6A-B331-907AFBB36A74}"
EndProject
Global
	GlobalSection(SolutionConfigurationPlatforms) = preSolution
		Debug|Any CPU = Debug|Any CPU
		Release|Any CPU = Release|Any CPU
	EndGlobalSection
	GlobalSection(ProjectConfigurationPlatforms) = postSolution
		{C33B0460-A9BC-4E6A-B331-907AFBB36A74}.Debug|Any CPU.ActiveCfg = Debug|Any CPU
		{C33B0460-A9BC-4E6A-B331-907AFBB36A74}.Debug|Any CPU.Build.0 = Debug|Any CPU
		{C33B0460-A9BC-4E6A-B331-907AFBB36A74}.Release|Any CPU.ActiveCfg = Release|Any CPU
		{C33B0460-A9BC-4E6A-B331-907AFBB36A74}.Release|Any CPU.Build.0 = Release|Any CPU
	EndGlobalSection
	GlobalSection(SolutionProperties) = preSolution
		HideSolutionNode = FALSE
	EndGlobalSection
	GlobalSection(ExtensibilityGlobals) = postSolution
		SolutionGuid = {FA9BF424-A361-4F6A-8AAE-132A29B3D6BA}
	EndGlobalSection
EndGlobal
