
Microsoft Visual Studio Solution File, Format Version 12.00
# Visual Studio Version 17
VisualStudioVersion = 17.4.33110.190
MinimumVisualStudioVersion = 10.0.40219.1
Project("{FAE04EC0-301F-11D3-BF4B-00C04F79EFBC}") = "ShellCodeRunnerXOR", "ShellCodeRunnerXOR\ShellCodeRunnerXOR.csproj", "{23A47B63-046D-48E1-8353-538FE54B348D}"
EndProject
Global
	GlobalSection(SolutionConfigurationPlatforms) = preSolution
		Debug|Any CPU = Debug|Any CPU
		Debug|x64 = Debug|x64
		Release|Any CPU = Release|Any CPU
		Release|x64 = Release|x64
	EndGlobalSection
	GlobalSection(ProjectConfigurationPlatforms) = postSolution
		{23A47B63-046D-48E1-8353-538FE54B348D}.Debug|Any CPU.ActiveCfg = Debug|Any CPU
		{23A47B63-046D-48E1-8353-538FE54B348D}.Debug|Any CPU.Build.0 = Debug|Any CPU
		{23A47B63-046D-48E1-8353-538FE54B348D}.Debug|x64.ActiveCfg = Debug|x64
		{23A47B63-046D-48E1-8353-538FE54B348D}.Debug|x64.Build.0 = Debug|x64
		{23A47B63-046D-48E1-8353-538FE54B348D}.Release|Any CPU.ActiveCfg = Release|Any CPU
		{23A47B63-046D-48E1-8353-538FE54B348D}.Release|Any CPU.Build.0 = Release|Any CPU
		{23A47B63-046D-48E1-8353-538FE54B348D}.Release|x64.ActiveCfg = Release|x64
		{23A47B63-046D-48E1-8353-538FE54B348D}.Release|x64.Build.0 = Release|x64
	EndGlobalSection
	GlobalSection(SolutionProperties) = preSolution
		HideSolutionNode = FALSE
	EndGlobalSection
	GlobalSection(ExtensibilityGlobals) = postSolution
		SolutionGuid = {4AD849C8-3282-4F40-85B2-14B454A02F6E}
	EndGlobalSection
EndGlobal
