
Microsoft Visual Studio Solution File, Format Version 12.00
# Visual Studio Version 17
VisualStudioVersion = 17.4.33110.190
MinimumVisualStudioVersion = 10.0.40219.1
Project("{FAE04EC0-301F-11D3-BF4B-00C04F79EFBC}") = "Csharp CalldotNETorCPPDll [LoadLibrary Method]", "Csharp CalldotNETorCPPDll [LoadLibrary Method]\Csharp CalldotNETorCPPDll [LoadLibrary Method].csproj", "{1F7DCE82-AEA8-4D5A-B3FA-7281CE90B526}"
EndProject
Global
	GlobalSection(SolutionConfigurationPlatforms) = preSolution
		Debug|Any CPU = Debug|Any CPU
		Release|Any CPU = Release|Any CPU
	EndGlobalSection
	GlobalSection(ProjectConfigurationPlatforms) = postSolution
		{1F7DCE82-AEA8-4D5A-B3FA-7281CE90B526}.Debug|Any CPU.ActiveCfg = Debug|Any CPU
		{1F7DCE82-AEA8-4D5A-B3FA-7281CE90B526}.Debug|Any CPU.Build.0 = Debug|Any CPU
		{1F7DCE82-AEA8-4D5A-B3FA-7281CE90B526}.Release|Any CPU.ActiveCfg = Release|Any CPU
		{1F7DCE82-AEA8-4D5A-B3FA-7281CE90B526}.Release|Any CPU.Build.0 = Release|Any CPU
	EndGlobalSection
	GlobalSection(SolutionProperties) = preSolution
		HideSolutionNode = FALSE
	EndGlobalSection
	GlobalSection(ExtensibilityGlobals) = postSolution
		SolutionGuid = {7F542F51-8E7B-4FE9-85ED-F7C685D07C2E}
	EndGlobalSection
EndGlobal
